
Microsoft Visual Studio Solution File, Format Version 12.00
# Visual Studio 15
VisualStudioVersion = 15.0.27703.2042
MinimumVisualStudioVersion = 10.0.40219.1
Project("{2150E333-8FDC-42A3-9474-1A3956D46DE8}") = "01Common", "01Common", "{95BFBF02-6B1B-4857-B8E8-5D1AF01AA231}"
EndProject
Project("{2150E333-8FDC-42A3-9474-1A3956D46DE8}") = "02Domain", "02Domain", "{59D06E10-99B0-46E3-8EC8-643EF6C44D9C}"
EndProject
Project("{2150E333-8FDC-42A3-9474-1A3956D46DE8}") = "03Web", "03Web", "{C5E2D9B1-2E11-4923-805F-0B127838CE37}"
EndProject
Project("{2150E333-8FDC-42A3-9474-1A3956D46DE8}") = "04Service", "04Service", "{60E94FC9-B040-4CCE-8FAF-921B6A002FE1}"
EndProject
Project("{2150E333-8FDC-42A3-9474-1A3956D46DE8}") = "05UnitTest", "05UnitTest", "{20B70856-0C71-468C-8A13-4E742AEF61D5}"
EndProject
Project("{FAE04EC0-301F-11D3-BF4B-00C04F79EFBC}") = "ShanZe.AdminWeb", "ShanZe.AdminWeb\ShanZe.AdminWeb.csproj", "{5B4713F9-EFCD-48C4-A55D-936DD19CA190}"
EndProject
Project("{FAE04EC0-301F-11D3-BF4B-00C04F79EFBC}") = "ShanZe.Code", "ShanZe.Code\ShanZe.Code.csproj", "{7FADC328-B342-4DF9-8590-C5726FB05070}"
EndProject
Project("{FAE04EC0-301F-11D3-BF4B-00C04F79EFBC}") = "ShanZe.Data", "ShanZe.Data\ShanZe.Data.csproj", "{DEEC05CB-2C75-47D5-9FC1-2F80D700961D}"
EndProject
Project("{FAE04EC0-301F-11D3-BF4B-00C04F79EFBC}") = "ShanZe.Application", "ShanZe.Application\ShanZe.Application.csproj", "{E3053B07-2317-4FB1-8A37-F331CBA355DC}"
EndProject
Project("{FAE04EC0-301F-11D3-BF4B-00C04F79EFBC}") = "ShanZe.Model", "ShanZe.Model\ShanZe.Model.csproj", "{EC363C4F-BA2B-44E6-A6E2-A4609F9B37EC}"
EndProject
Project("{FAE04EC0-301F-11D3-BF4B-00C04F79EFBC}") = "ShanZe.Mapping", "ShanZe.Mapping\ShanZe.Mapping.csproj", "{A5D67BB7-D41A-45B5-826E-4D1F74AEA818}"
EndProject
Project("{FAE04EC0-301F-11D3-BF4B-00C04F79EFBC}") = "ShanZe.Repository", "ShanZe.Repository\ShanZe.Repository.csproj", "{36071223-D302-4947-ABA6-F24FA55A0ED0}"
EndProject
Global
	GlobalSection(SolutionConfigurationPlatforms) = preSolution
		Debug|Any CPU = Debug|Any CPU
		Debug|ARM = Debug|ARM
		Debug|x64 = Debug|x64
		Debug|x86 = Debug|x86
		Release|Any CPU = Release|Any CPU
		Release|ARM = Release|ARM
		Release|x64 = Release|x64
		Release|x86 = Release|x86
	EndGlobalSection
	GlobalSection(ProjectConfigurationPlatforms) = postSolution
		{5B4713F9-EFCD-48C4-A55D-936DD19CA190}.Debug|Any CPU.ActiveCfg = Debug|Any CPU
		{5B4713F9-EFCD-48C4-A55D-936DD19CA190}.Debug|Any CPU.Build.0 = Debug|Any CPU
		{5B4713F9-EFCD-48C4-A55D-936DD19CA190}.Debug|ARM.ActiveCfg = Debug|Any CPU
		{5B4713F9-EFCD-48C4-A55D-936DD19CA190}.Debug|ARM.Build.0 = Debug|Any CPU
		{5B4713F9-EFCD-48C4-A55D-936DD19CA190}.Debug|x64.ActiveCfg = Debug|Any CPU
		{5B4713F9-EFCD-48C4-A55D-936DD19CA190}.Debug|x64.Build.0 = Debug|Any CPU
		{5B4713F9-EFCD-48C4-A55D-936DD19CA190}.Debug|x86.ActiveCfg = Debug|Any CPU
		{5B4713F9-EFCD-48C4-A55D-936DD19CA190}.Debug|x86.Build.0 = Debug|Any CPU
		{5B4713F9-EFCD-48C4-A55D-936DD19CA190}.Release|Any CPU.ActiveCfg = Release|Any CPU
		{5B4713F9-EFCD-48C4-A55D-936DD19CA190}.Release|Any CPU.Build.0 = Release|Any CPU
		{5B4713F9-EFCD-48C4-A55D-936DD19CA190}.Release|ARM.ActiveCfg = Release|Any CPU
		{5B4713F9-EFCD-48C4-A55D-936DD19CA190}.Release|ARM.Build.0 = Release|Any CPU
		{5B4713F9-EFCD-48C4-A55D-936DD19CA190}.Release|x64.ActiveCfg = Release|Any CPU
		{5B4713F9-EFCD-48C4-A55D-936DD19CA190}.Release|x64.Build.0 = Release|Any CPU
		{5B4713F9-EFCD-48C4-A55D-936DD19CA190}.Release|x86.ActiveCfg = Release|Any CPU
		{5B4713F9-EFCD-48C4-A55D-936DD19CA190}.Release|x86.Build.0 = Release|Any CPU
		{7FADC328-B342-4DF9-8590-C5726FB05070}.Debug|Any CPU.ActiveCfg = Debug|Any CPU
		{7FADC328-B342-4DF9-8590-C5726FB05070}.Debug|Any CPU.Build.0 = Debug|Any CPU
		{7FADC328-B342-4DF9-8590-C5726FB05070}.Debug|ARM.ActiveCfg = Debug|Any CPU
		{7FADC328-B342-4DF9-8590-C5726FB05070}.Debug|ARM.Build.0 = Debug|Any CPU
		{7FADC328-B342-4DF9-8590-C5726FB05070}.Debug|x64.ActiveCfg = Debug|Any CPU
		{7FADC328-B342-4DF9-8590-C5726FB05070}.Debug|x64.Build.0 = Debug|Any CPU
		{7FADC328-B342-4DF9-8590-C5726FB05070}.Debug|x86.ActiveCfg = Debug|Any CPU
		{7FADC328-B342-4DF9-8590-C5726FB05070}.Debug|x86.Build.0 = Debug|Any CPU
		{7FADC328-B342-4DF9-8590-C5726FB05070}.Release|Any CPU.ActiveCfg = Release|Any CPU
		{7FADC328-B342-4DF9-8590-C5726FB05070}.Release|Any CPU.Build.0 = Release|Any CPU
		{7FADC328-B342-4DF9-8590-C5726FB05070}.Release|ARM.ActiveCfg = Release|Any CPU
		{7FADC328-B342-4DF9-8590-C5726FB05070}.Release|ARM.Build.0 = Release|Any CPU
		{7FADC328-B342-4DF9-8590-C5726FB05070}.Release|x64.ActiveCfg = Release|Any CPU
		{7FADC328-B342-4DF9-8590-C5726FB05070}.Release|x64.Build.0 = Release|Any CPU
		{7FADC328-B342-4DF9-8590-C5726FB05070}.Release|x86.ActiveCfg = Release|Any CPU
		{7FADC328-B342-4DF9-8590-C5726FB05070}.Release|x86.Build.0 = Release|Any CPU
		{DEEC05CB-2C75-47D5-9FC1-2F80D700961D}.Debug|Any CPU.ActiveCfg = Debug|Any CPU
		{DEEC05CB-2C75-47D5-9FC1-2F80D700961D}.Debug|Any CPU.Build.0 = Debug|Any CPU
		{DEEC05CB-2C75-47D5-9FC1-2F80D700961D}.Debug|ARM.ActiveCfg = Debug|Any CPU
		{DEEC05CB-2C75-47D5-9FC1-2F80D700961D}.Debug|ARM.Build.0 = Debug|Any CPU
		{DEEC05CB-2C75-47D5-9FC1-2F80D700961D}.Debug|x64.ActiveCfg = Debug|Any CPU
		{DEEC05CB-2C75-47D5-9FC1-2F80D700961D}.Debug|x64.Build.0 = Debug|Any CPU
		{DEEC05CB-2C75-47D5-9FC1-2F80D700961D}.Debug|x86.ActiveCfg = Debug|Any CPU
		{DEEC05CB-2C75-47D5-9FC1-2F80D700961D}.Debug|x86.Build.0 = Debug|Any CPU
		{DEEC05CB-2C75-47D5-9FC1-2F80D700961D}.Release|Any CPU.ActiveCfg = Release|Any CPU
		{DEEC05CB-2C75-47D5-9FC1-2F80D700961D}.Release|Any CPU.Build.0 = Release|Any CPU
		{DEEC05CB-2C75-47D5-9FC1-2F80D700961D}.Release|ARM.ActiveCfg = Release|Any CPU
		{DEEC05CB-2C75-47D5-9FC1-2F80D700961D}.Release|ARM.Build.0 = Release|Any CPU
		{DEEC05CB-2C75-47D5-9FC1-2F80D700961D}.Release|x64.ActiveCfg = Release|Any CPU
		{DEEC05CB-2C75-47D5-9FC1-2F80D700961D}.Release|x64.Build.0 = Release|Any CPU
		{DEEC05CB-2C75-47D5-9FC1-2F80D700961D}.Release|x86.ActiveCfg = Release|Any CPU
		{DEEC05CB-2C75-47D5-9FC1-2F80D700961D}.Release|x86.Build.0 = Release|Any CPU
		{E3053B07-2317-4FB1-8A37-F331CBA355DC}.Debug|Any CPU.ActiveCfg = Debug|Any CPU
		{E3053B07-2317-4FB1-8A37-F331CBA355DC}.Debug|Any CPU.Build.0 = Debug|Any CPU
		{E3053B07-2317-4FB1-8A37-F331CBA355DC}.Debug|ARM.ActiveCfg = Debug|Any CPU
		{E3053B07-2317-4FB1-8A37-F331CBA355DC}.Debug|ARM.Build.0 = Debug|Any CPU
		{E3053B07-2317-4FB1-8A37-F331CBA355DC}.Debug|x64.ActiveCfg = Debug|Any CPU
		{E3053B07-2317-4FB1-8A37-F331CBA355DC}.Debug|x64.Build.0 = Debug|Any CPU
		{E3053B07-2317-4FB1-8A37-F331CBA355DC}.Debug|x86.ActiveCfg = Debug|Any CPU
		{E3053B07-2317-4FB1-8A37-F331CBA355DC}.Debug|x86.Build.0 = Debug|Any CPU
		{E3053B07-2317-4FB1-8A37-F331CBA355DC}.Release|Any CPU.ActiveCfg = Release|Any CPU
		{E3053B07-2317-4FB1-8A37-F331CBA355DC}.Release|Any CPU.Build.0 = Release|Any CPU
		{E3053B07-2317-4FB1-8A37-F331CBA355DC}.Release|ARM.ActiveCfg = Release|Any CPU
		{E3053B07-2317-4FB1-8A37-F331CBA355DC}.Release|ARM.Build.0 = Release|Any CPU
		{E3053B07-2317-4FB1-8A37-F331CBA355DC}.Release|x64.ActiveCfg = Release|Any CPU
		{E3053B07-2317-4FB1-8A37-F331CBA355DC}.Release|x64.Build.0 = Release|Any CPU
		{E3053B07-2317-4FB1-8A37-F331CBA355DC}.Release|x86.ActiveCfg = Release|Any CPU
		{E3053B07-2317-4FB1-8A37-F331CBA355DC}.Release|x86.Build.0 = Release|Any CPU
		{EC363C4F-BA2B-44E6-A6E2-A4609F9B37EC}.Debug|Any CPU.ActiveCfg = Debug|Any CPU
		{EC363C4F-BA2B-44E6-A6E2-A4609F9B37EC}.Debug|Any CPU.Build.0 = Debug|Any CPU
		{EC363C4F-BA2B-44E6-A6E2-A4609F9B37EC}.Debug|ARM.ActiveCfg = Debug|Any CPU
		{EC363C4F-BA2B-44E6-A6E2-A4609F9B37EC}.Debug|ARM.Build.0 = Debug|Any CPU
		{EC363C4F-BA2B-44E6-A6E2-A4609F9B37EC}.Debug|x64.ActiveCfg = Debug|Any CPU
		{EC363C4F-BA2B-44E6-A6E2-A4609F9B37EC}.Debug|x64.Build.0 = Debug|Any CPU
		{EC363C4F-BA2B-44E6-A6E2-A4609F9B37EC}.Debug|x86.ActiveCfg = Debug|Any CPU
		{EC363C4F-BA2B-44E6-A6E2-A4609F9B37EC}.Debug|x86.Build.0 = Debug|Any CPU
		{EC363C4F-BA2B-44E6-A6E2-A4609F9B37EC}.Release|Any CPU.ActiveCfg = Release|Any CPU
		{EC363C4F-BA2B-44E6-A6E2-A4609F9B37EC}.Release|Any CPU.Build.0 = Release|Any CPU
		{EC363C4F-BA2B-44E6-A6E2-A4609F9B37EC}.Release|ARM.ActiveCfg = Release|Any CPU
		{EC363C4F-BA2B-44E6-A6E2-A4609F9B37EC}.Release|ARM.Build.0 = Release|Any CPU
		{EC363C4F-BA2B-44E6-A6E2-A4609F9B37EC}.Release|x64.ActiveCfg = Release|Any CPU
		{EC363C4F-BA2B-44E6-A6E2-A4609F9B37EC}.Release|x64.Build.0 = Release|Any CPU
		{EC363C4F-BA2B-44E6-A6E2-A4609F9B37EC}.Release|x86.ActiveCfg = Release|Any CPU
		{EC363C4F-BA2B-44E6-A6E2-A4609F9B37EC}.Release|x86.Build.0 = Release|Any CPU
		{A5D67BB7-D41A-45B5-826E-4D1F74AEA818}.Debug|Any CPU.ActiveCfg = Debug|Any CPU
		{A5D67BB7-D41A-45B5-826E-4D1F74AEA818}.Debug|Any CPU.Build.0 = Debug|Any CPU
		{A5D67BB7-D41A-45B5-826E-4D1F74AEA818}.Debug|ARM.ActiveCfg = Debug|Any CPU
		{A5D67BB7-D41A-45B5-826E-4D1F74AEA818}.Debug|ARM.Build.0 = Debug|Any CPU
		{A5D67BB7-D41A-45B5-826E-4D1F74AEA818}.Debug|x64.ActiveCfg = Debug|Any CPU
		{A5D67BB7-D41A-45B5-826E-4D1F74AEA818}.Debug|x64.Build.0 = Debug|Any CPU
		{A5D67BB7-D41A-45B5-826E-4D1F74AEA818}.Debug|x86.ActiveCfg = Debug|Any CPU
		{A5D67BB7-D41A-45B5-826E-4D1F74AEA818}.Debug|x86.Build.0 = Debug|Any CPU
		{A5D67BB7-D41A-45B5-826E-4D1F74AEA818}.Release|Any CPU.ActiveCfg = Release|Any CPU
		{A5D67BB7-D41A-45B5-826E-4D1F74AEA818}.Release|Any CPU.Build.0 = Release|Any CPU
		{A5D67BB7-D41A-45B5-826E-4D1F74AEA818}.Release|ARM.ActiveCfg = Release|Any CPU
		{A5D67BB7-D41A-45B5-826E-4D1F74AEA818}.Release|ARM.Build.0 = Release|Any CPU
		{A5D67BB7-D41A-45B5-826E-4D1F74AEA818}.Release|x64.ActiveCfg = Release|Any CPU
		{A5D67BB7-D41A-45B5-826E-4D1F74AEA818}.Release|x64.Build.0 = Release|Any CPU
		{A5D67BB7-D41A-45B5-826E-4D1F74AEA818}.Release|x86.ActiveCfg = Release|Any CPU
		{A5D67BB7-D41A-45B5-826E-4D1F74AEA818}.Release|x86.Build.0 = Release|Any CPU
		{36071223-D302-4947-ABA6-F24FA55A0ED0}.Debug|Any CPU.ActiveCfg = Debug|Any CPU
		{36071223-D302-4947-ABA6-F24FA55A0ED0}.Debug|Any CPU.Build.0 = Debug|Any CPU
		{36071223-D302-4947-ABA6-F24FA55A0ED0}.Debug|ARM.ActiveCfg = Debug|Any CPU
		{36071223-D302-4947-ABA6-F24FA55A0ED0}.Debug|ARM.Build.0 = Debug|Any CPU
		{36071223-D302-4947-ABA6-F24FA55A0ED0}.Debug|x64.ActiveCfg = Debug|Any CPU
		{36071223-D302-4947-ABA6-F24FA55A0ED0}.Debug|x64.Build.0 = Debug|Any CPU
		{36071223-D302-4947-ABA6-F24FA55A0ED0}.Debug|x86.ActiveCfg = Debug|Any CPU
		{36071223-D302-4947-ABA6-F24FA55A0ED0}.Debug|x86.Build.0 = Debug|Any CPU
		{36071223-D302-4947-ABA6-F24FA55A0ED0}.Release|Any CPU.ActiveCfg = Release|Any CPU
		{36071223-D302-4947-ABA6-F24FA55A0ED0}.Release|Any CPU.Build.0 = Release|Any CPU
		{36071223-D302-4947-ABA6-F24FA55A0ED0}.Release|ARM.ActiveCfg = Release|Any CPU
		{36071223-D302-4947-ABA6-F24FA55A0ED0}.Release|ARM.Build.0 = Release|Any CPU
		{36071223-D302-4947-ABA6-F24FA55A0ED0}.Release|x64.ActiveCfg = Release|Any CPU
		{36071223-D302-4947-ABA6-F24FA55A0ED0}.Release|x64.Build.0 = Release|Any CPU
		{36071223-D302-4947-ABA6-F24FA55A0ED0}.Release|x86.ActiveCfg = Release|Any CPU
		{36071223-D302-4947-ABA6-F24FA55A0ED0}.Release|x86.Build.0 = Release|Any CPU
	EndGlobalSection
	GlobalSection(SolutionProperties) = preSolution
		HideSolutionNode = FALSE
	EndGlobalSection
	GlobalSection(NestedProjects) = preSolution
		{5B4713F9-EFCD-48C4-A55D-936DD19CA190} = {C5E2D9B1-2E11-4923-805F-0B127838CE37}
		{7FADC328-B342-4DF9-8590-C5726FB05070} = {95BFBF02-6B1B-4857-B8E8-5D1AF01AA231}
		{DEEC05CB-2C75-47D5-9FC1-2F80D700961D} = {95BFBF02-6B1B-4857-B8E8-5D1AF01AA231}
		{E3053B07-2317-4FB1-8A37-F331CBA355DC} = {59D06E10-99B0-46E3-8EC8-643EF6C44D9C}
		{EC363C4F-BA2B-44E6-A6E2-A4609F9B37EC} = {59D06E10-99B0-46E3-8EC8-643EF6C44D9C}
		{A5D67BB7-D41A-45B5-826E-4D1F74AEA818} = {59D06E10-99B0-46E3-8EC8-643EF6C44D9C}
		{36071223-D302-4947-ABA6-F24FA55A0ED0} = {59D06E10-99B0-46E3-8EC8-643EF6C44D9C}
	EndGlobalSection
	GlobalSection(ExtensibilityGlobals) = postSolution
		SolutionGuid = {25CE4AF7-BA58-4E91-8B2C-75E94E23781E}
	EndGlobalSection
EndGlobal
